
Microsoft Visual Studio Solution File, Format Version 12.00
# Visual Studio 2013
VisualStudioVersion = 12.0.31101.0
MinimumVisualStudioVersion = 10.0.40219.1
Project("{E24C65DC-7377-472B-9ABA-BC803B73C61A}") = "AKDLIVE", "http://localhost:51002", "{103613A2-0593-440B-AE60-043B49B1E640}"
	ProjectSection(WebsiteProperties) = preProject
		UseIISExpress = "true"
		TargetFrameworkMoniker = ".NETFramework,Version%3Dv4.5.1"
		ProjectReferences = "{5ea323aa-80d8-4aef-8335-79d0e429b573}|DBConnections.dll;"
		Debug.AspNetCompiler.VirtualPath = "/localhost_51002"
		Debug.AspNetCompiler.PhysicalPath = "..\..\..\..\Desktop\AKD Live\AKDLIVE\"
		Debug.AspNetCompiler.TargetPath = "PrecompiledWeb\localhost_51002\"
		Debug.AspNetCompiler.Updateable = "true"
		Debug.AspNetCompiler.ForceOverwrite = "true"
		Debug.AspNetCompiler.FixedNames = "false"
		Debug.AspNetCompiler.Debug = "True"
		Release.AspNetCompiler.VirtualPath = "/localhost_51002"
		Release.AspNetCompiler.PhysicalPath = "..\..\..\..\Desktop\AKD Live\AKDLIVE\"
		Release.AspNetCompiler.TargetPath = "PrecompiledWeb\localhost_51002\"
		Release.AspNetCompiler.Updateable = "true"
		Release.AspNetCompiler.ForceOverwrite = "true"
		Release.AspNetCompiler.FixedNames = "false"
		Release.AspNetCompiler.Debug = "False"
		SlnRelativePath = "..\..\..\..\Desktop\AKD Live\AKDLIVE\"
		DefaultWebSiteLanguage = "Visual C#"
	EndProjectSection
EndProject
Project("{FAE04EC0-301F-11D3-BF4B-00C04F79EFBC}") = "DBConnections", "..\DBConnections\DBConnections.csproj", "{5EA323AA-80D8-4AEF-8335-79D0E429B573}"
EndProject
Global
	GlobalSection(SolutionConfigurationPlatforms) = preSolution
		Debug|Any CPU = Debug|Any CPU
		Release|Any CPU = Release|Any CPU
	EndGlobalSection
	GlobalSection(ProjectConfigurationPlatforms) = postSolution
		{103613A2-0593-440B-AE60-043B49B1E640}.Debug|Any CPU.ActiveCfg = Debug|Any CPU
		{103613A2-0593-440B-AE60-043B49B1E640}.Debug|Any CPU.Build.0 = Debug|Any CPU
		{103613A2-0593-440B-AE60-043B49B1E640}.Release|Any CPU.ActiveCfg = Debug|Any CPU
		{103613A2-0593-440B-AE60-043B49B1E640}.Release|Any CPU.Build.0 = Debug|Any CPU
		{5EA323AA-80D8-4AEF-8335-79D0E429B573}.Debug|Any CPU.ActiveCfg = Debug|Any CPU
		{5EA323AA-80D8-4AEF-8335-79D0E429B573}.Debug|Any CPU.Build.0 = Debug|Any CPU
		{5EA323AA-80D8-4AEF-8335-79D0E429B573}.Release|Any CPU.ActiveCfg = Release|Any CPU
		{5EA323AA-80D8-4AEF-8335-79D0E429B573}.Release|Any CPU.Build.0 = Release|Any CPU
	EndGlobalSection
	GlobalSection(SolutionProperties) = preSolution
		HideSolutionNode = FALSE
	EndGlobalSection
EndGlobal
